# @generated - this file is auto-generated by `mise lock` https://mise.jdx.dev/dev-tools/mise-lock.html

[[tools."aqua:s0undt3ch/ToolR"]]
version = "0.33.0"
backend = "aqua:s0undt3ch/ToolR"

[tools."aqua:s0undt3ch/ToolR"."platforms.linux-arm64"]
checksum = "sha256:319810a876ca3ac5aeeb4259143005a9c10670c8fcdc956f3e03b9562e4e4dd7"
url = "https://github.com/s0undt3ch/ToolR/releases/download/v0.33.0/toolr-0.33.0-aarch64-unknown-linux-musl.tar.gz"
url_api = "https://api.github.com/repos/s0undt3ch/ToolR/releases/assets/559603628"
provenance = "github-attestations"

[tools."aqua:s0undt3ch/ToolR"."platforms.linux-arm64-musl"]
checksum = "sha256:319810a876ca3ac5aeeb4259143005a9c10670c8fcdc956f3e03b9562e4e4dd7"
url = "https://github.com/s0undt3ch/ToolR/releases/download/v0.33.0/toolr-0.33.0-aarch64-unknown-linux-musl.tar.gz"
url_api = "https://api.github.com/repos/s0undt3ch/ToolR/releases/assets/559603628"
provenance = "github-attestations"

[tools."aqua:s0undt3ch/ToolR"."platforms.linux-x64"]
checksum = "sha256:8d0dd2aa05f966785b0583f5e1b1fcfa59909c7ea0cc3acffcae2e3e5e38ed82"
url = "https://github.com/s0undt3ch/ToolR/releases/download/v0.33.0/toolr-0.33.0-x86_64-unknown-linux-musl.tar.gz"
url_api = "https://api.github.com/repos/s0undt3ch/ToolR/releases/assets/559603634"
provenance = "github-attestations"

[tools."aqua:s0undt3ch/ToolR"."platforms.linux-x64-musl"]
checksum = "sha256:8d0dd2aa05f966785b0583f5e1b1fcfa59909c7ea0cc3acffcae2e3e5e38ed82"
url = "https://github.com/s0undt3ch/ToolR/releases/download/v0.33.0/toolr-0.33.0-x86_64-unknown-linux-musl.tar.gz"
url_api = "https://api.github.com/repos/s0undt3ch/ToolR/releases/assets/559603634"
provenance = "github-attestations"

[tools."aqua:s0undt3ch/ToolR"."platforms.macos-arm64"]
checksum = "sha256:2493250f599e06899316c0b6f63f04495aaf403041aebbe8baa20a20602db21c"
url = "https://github.com/s0undt3ch/ToolR/releases/download/v0.33.0/toolr-0.33.0-aarch64-apple-darwin.tar.gz"
url_api = "https://api.github.com/repos/s0undt3ch/ToolR/releases/assets/559603606"
provenance = "github-attestations"

[tools."aqua:s0undt3ch/ToolR"."platforms.macos-x64"]
checksum = "sha256:83f75d09194423dd0dc75e6e4886ac18dd97e03b8e285feb7b4f6fde714fd394"
url = "https://github.com/s0undt3ch/ToolR/releases/download/v0.33.0/toolr-0.33.0-x86_64-apple-darwin.tar.gz"
url_api = "https://api.github.com/repos/s0undt3ch/ToolR/releases/assets/559603613"
provenance = "github-attestations"

[tools."aqua:s0undt3ch/ToolR"."platforms.windows-x64"]
checksum = "sha256:8ac0abe862132715a583e3059a2fbee9bec57ece914d8f26e278cb94423e6609"
url = "https://github.com/s0undt3ch/ToolR/releases/download/v0.33.0/toolr-0.33.0-x86_64-pc-windows-msvc.zip"
url_api = "https://api.github.com/repos/s0undt3ch/ToolR/releases/assets/559603599"
provenance = "github-attestations"
